
Microsoft Visual Studio Solution File, Format Version 12.00
# Visual Studio 15
VisualStudioVersion = 15.0.27428.2015
MinimumVisualStudioVersion = 10.0.40219.1
Project("{FAE04EC0-301F-11D3-BF4B-00C04F79EFBC}") = "GlowGlider.Server", "GlowGlider.Server\GlowGlider.Server.csproj", "{BD4C6F89-38DF-464E-881E-86D50306C877}"
EndProject
Project("{FAE04EC0-301F-11D3-BF4B-00C04F79EFBC}") = "GlowGlider.Shared", "GlowGlider.Shared\GlowGlider.Shared.csproj", "{0D69F76D-8E4F-46BE-8D32-8CAE55E385A5}"
EndProject
Project("{FAE04EC0-301F-11D3-BF4B-00C04F79EFBC}") = "HighScoreTester", "HighScoreTester\HighScoreTester.csproj", "{84383C15-CEBD-424A-9E90-DADF8FE84559}"
EndProject
Global
	GlobalSection(SolutionConfigurationPlatforms) = preSolution
		Debug|Any CPU = Debug|Any CPU
		Release|Any CPU = Release|Any CPU
	EndGlobalSection
	GlobalSection(ProjectConfigurationPlatforms) = postSolution
		{BD4C6F89-38DF-464E-881E-86D50306C877}.Debug|Any CPU.ActiveCfg = Debug|Any CPU
		{BD4C6F89-38DF-464E-881E-86D50306C877}.Debug|Any CPU.Build.0 = Debug|Any CPU
		{BD4C6F89-38DF-464E-881E-86D50306C877}.Release|Any CPU.ActiveCfg = Release|Any CPU
		{BD4C6F89-38DF-464E-881E-86D50306C877}.Release|Any CPU.Build.0 = Release|Any CPU
		{0D69F76D-8E4F-46BE-8D32-8CAE55E385A5}.Debug|Any CPU.ActiveCfg = Debug|Any CPU
		{0D69F76D-8E4F-46BE-8D32-8CAE55E385A5}.Debug|Any CPU.Build.0 = Debug|Any CPU
		{0D69F76D-8E4F-46BE-8D32-8CAE55E385A5}.Release|Any CPU.ActiveCfg = Release|Any CPU
		{0D69F76D-8E4F-46BE-8D32-8CAE55E385A5}.Release|Any CPU.Build.0 = Release|Any CPU
		{84383C15-CEBD-424A-9E90-DADF8FE84559}.Debug|Any CPU.ActiveCfg = Debug|Any CPU
		{84383C15-CEBD-424A-9E90-DADF8FE84559}.Debug|Any CPU.Build.0 = Debug|Any CPU
		{84383C15-CEBD-424A-9E90-DADF8FE84559}.Release|Any CPU.ActiveCfg = Release|Any CPU
		{84383C15-CEBD-424A-9E90-DADF8FE84559}.Release|Any CPU.Build.0 = Release|Any CPU
	EndGlobalSection
	GlobalSection(SolutionProperties) = preSolution
		HideSolutionNode = FALSE
	EndGlobalSection
	GlobalSection(ExtensibilityGlobals) = postSolution
		SolutionGuid = {48B760FD-30BC-48C0-AAB9-B060112F687E}
	EndGlobalSection
EndGlobal
